
Microsoft Visual Studio Solution File, Format Version 12.00
# Visual Studio Version 16
VisualStudioVersion = 16.0.29215.179
MinimumVisualStudioVersion = 10.0.40219.1
Project("{FAE04EC0-301F-11D3-BF4B-00C04F79EFBC}") = "Scheduling.Domain", "SchedulingAPI\Scheduling.Domain.csproj", "{AE724CB5-CA4B-4BCA-9E04-0AA449ED5D2C}"
EndProject
Project("{FAE04EC0-301F-11D3-BF4B-00C04F79EFBC}") = "Scheduling.Infra", "Scheduling.Infra\Scheduling.Infra.csproj", "{26C06005-661D-4E81-95F6-CAE66EFCA4E6}"
EndProject
Project("{FAE04EC0-301F-11D3-BF4B-00C04F79EFBC}") = "Scheduling.Api", "Scheduling.Api\Scheduling.Api.csproj", "{68ECBE84-69AE-4227-9D16-14E152966E85}"
EndProject
Global
	GlobalSection(SolutionConfigurationPlatforms) = preSolution
		Debug|Any CPU = Debug|Any CPU
		Release|Any CPU = Release|Any CPU
	EndGlobalSection
	GlobalSection(ProjectConfigurationPlatforms) = postSolution
		{AE724CB5-CA4B-4BCA-9E04-0AA449ED5D2C}.Debug|Any CPU.ActiveCfg = Debug|Any CPU
		{AE724CB5-CA4B-4BCA-9E04-0AA449ED5D2C}.Debug|Any CPU.Build.0 = Debug|Any CPU
		{AE724CB5-CA4B-4BCA-9E04-0AA449ED5D2C}.Release|Any CPU.ActiveCfg = Release|Any CPU
		{AE724CB5-CA4B-4BCA-9E04-0AA449ED5D2C}.Release|Any CPU.Build.0 = Release|Any CPU
		{26C06005-661D-4E81-95F6-CAE66EFCA4E6}.Debug|Any CPU.ActiveCfg = Debug|Any CPU
		{26C06005-661D-4E81-95F6-CAE66EFCA4E6}.Debug|Any CPU.Build.0 = Debug|Any CPU
		{26C06005-661D-4E81-95F6-CAE66EFCA4E6}.Release|Any CPU.ActiveCfg = Release|Any CPU
		{26C06005-661D-4E81-95F6-CAE66EFCA4E6}.Release|Any CPU.Build.0 = Release|Any CPU
		{68ECBE84-69AE-4227-9D16-14E152966E85}.Debug|Any CPU.ActiveCfg = Debug|Any CPU
		{68ECBE84-69AE-4227-9D16-14E152966E85}.Debug|Any CPU.Build.0 = Debug|Any CPU
		{68ECBE84-69AE-4227-9D16-14E152966E85}.Release|Any CPU.ActiveCfg = Release|Any CPU
		{68ECBE84-69AE-4227-9D16-14E152966E85}.Release|Any CPU.Build.0 = Release|Any CPU
	EndGlobalSection
	GlobalSection(SolutionProperties) = preSolution
		HideSolutionNode = FALSE
	EndGlobalSection
	GlobalSection(ExtensibilityGlobals) = postSolution
		SolutionGuid = {A950755A-699E-40F1-BFA8-113D184745F0}
	EndGlobalSection
EndGlobal
